# THIS IS AN AUTOGENERATED FILE. DO NOT EDIT THIS FILE DIRECTLY.
# yarn lockfile v1


"@popperjs/core@^2.0.0", "@popperjs/core@^2.9.2":
  "integrity" "sha512-IXf3XA7+XyN7CP9gGh/XB0UxVMlvARGEgGXLubFICsUMGz6Q+DU+i4gGlpOxTjKvXjkJDJC8YdqdKkDj9qZHEQ=="
  "resolved" "https://registry.npmjs.org/@popperjs/core/-/core-2.10.2.tgz"
  "version" "2.10.2"

"classnames@^2.2.6":
  "integrity" "sha512-OlQdbZ7gLfGarSqxesMesDa5uz7KFbID8Kpq/SxIoNGDqY8lSYs0D+hhtBXhcdB3rcbXArFr7vlHheLk1voeNA=="
  "resolved" "https://registry.npmjs.org/classnames/-/classnames-2.3.1.tgz"
  "version" "2.3.1"

"date-fns@^2.24.0":
  "integrity" "sha512-ovYRFnTrbGPD4nqaEqescPEv1mNwvt+UTqI3Ay9SzNtey9NZnYu6E2qCcBBgJ6/2VF1zGGygpyTDITqpQQ5e+w=="
  "resolved" "https://registry.npmjs.org/date-fns/-/date-fns-2.25.0.tgz"
  "version" "2.25.0"

"flatpickr@^4.6.2":
  "integrity" "sha512-F0azNNi8foVWKSF+8X+ZJzz8r9sE1G4hl06RyceIaLvyltKvDl6vqk9Lm/6AUUCi5HWaIjiUbk7UpeE/fOXOpw=="
  "resolved" "https://registry.npmjs.org/flatpickr/-/flatpickr-4.6.9.tgz"
  "version" "4.6.9"

"js-tokens@^3.0.0 || ^4.0.0":
  "integrity" "sha512-RdJUflcE3cUzKiMqQgsCu06FPu9UdIJO0beYbPhHN4k6apgJtifcoCtT9bcxOpYBtpD2kCM6Sbzg4CausW/PKQ=="
  "resolved" "https://registry.npmjs.org/js-tokens/-/js-tokens-4.0.0.tgz"
  "version" "4.0.0"

"loose-envify@^1.0.0", "loose-envify@^1.1.0", "loose-envify@^1.4.0":
  "integrity" "sha512-lyuxPGr/Wfhrlem2CL/UcnUc1zcqKAImBDzukY7Y5F/yQiNdko6+fRLevlw1HgMySw7f611UIY408EtxRSoK3Q=="
  "resolved" "https://registry.npmjs.org/loose-envify/-/loose-envify-1.4.0.tgz"
  "version" "1.4.0"
  dependencies:
    "js-tokens" "^3.0.0 || ^4.0.0"

"object-assign@^4.1.1":
  "integrity" "sha1-IQmtx5ZYh8/AXLvUQsrIv7s2CGM="
  "resolved" "https://registry.npmjs.org/object-assign/-/object-assign-4.1.1.tgz"
  "version" "4.1.1"

"prop-types@^15.5.10", "prop-types@^15.7.2":
  "integrity" "sha512-8QQikdH7//R2vurIJSutZ1smHYTcLpRWEOlHnzcWHmBYrOGUysKwSsrC89BCiFj3CbrfJ/nXFdJepOVrY1GCHQ=="
  "resolved" "https://registry.npmjs.org/prop-types/-/prop-types-15.7.2.tgz"
  "version" "15.7.2"
  dependencies:
    "loose-envify" "^1.4.0"
    "object-assign" "^4.1.1"
    "react-is" "^16.8.1"

"react-datepicker@^4.3.0":
  "integrity" "sha512-cg+gp4YnPcZc6iZ0+v7VuRgcFG22KL7izHYrCxXeSLOn5VGkyxTfcu5qA/cGIsngurCt/u0NtgVTlHB1Fwap1g=="
  "resolved" "https://registry.npmjs.org/react-datepicker/-/react-datepicker-4.3.0.tgz"
  "version" "4.3.0"
  dependencies:
    "@popperjs/core" "^2.9.2"
    "classnames" "^2.2.6"
    "date-fns" "^2.24.0"
    "prop-types" "^15.7.2"
    "react-onclickoutside" "^6.12.0"
    "react-popper" "^2.2.5"

"react-dom@^15.5.x || ^16.x || ^17.x", "react-dom@^16.9.0 || ^17":
  "integrity" "sha512-s4h96KtLDUQlsENhMn1ar8t2bEa+q/YAtj8pPPdIjPDGBDIVNsrD9aXNWqspUe6AzKCIG0C1HZZLqLV7qpOBGA=="
  "resolved" "https://registry.npmjs.org/react-dom/-/react-dom-17.0.2.tgz"
  "version" "17.0.2"
  dependencies:
    "loose-envify" "^1.1.0"
    "object-assign" "^4.1.1"
    "scheduler" "^0.20.2"

"react-fast-compare@^3.0.1":
  "integrity" "sha512-rtGImPZ0YyLrscKI9xTpV8psd6I8VAtjKCzQDlzyDvqJA8XOW78TXYQwNRNd8g8JZnDu8q9Fu/1v4HPAVwVdHA=="
  "resolved" "https://registry.npmjs.org/react-fast-compare/-/react-fast-compare-3.2.0.tgz"
  "version" "3.2.0"

"react-flatpickr@^3.10.7":
  "integrity" "sha512-dJ7cZAayefqWJnX4Xe8Piy13oK2h4aeGCH9tz+D2iSNh+kbezUAWVMVCKdTqjsNBqTMS4v0DkfMy2CP2atNCTQ=="
  "resolved" "https://registry.npmjs.org/react-flatpickr/-/react-flatpickr-3.10.7.tgz"
  "version" "3.10.7"
  dependencies:
    "flatpickr" "^4.6.2"
    "prop-types" "^15.5.10"

"react-is@^16.8.1":
  "integrity" "sha512-24e6ynE2H+OKt4kqsOvNd8kBpV65zoxbA4BVsEOB3ARVWQki/DHzaUoC5KuON/BiccDaCCTZBuOcfZs70kR8bQ=="
  "resolved" "https://registry.npmjs.org/react-is/-/react-is-16.13.1.tgz"
  "version" "16.13.1"

"react-onclickoutside@^6.12.0":
  "integrity" "sha512-oPlOTYcISLHfpMog2lUZMFSbqOs4LFcA4+vo7fpfevB5v9Z0D5VBDBkfeO5lv+hpEcGoaGk67braLT+QT+eICA=="
  "resolved" "https://registry.npmjs.org/react-onclickoutside/-/react-onclickoutside-6.12.0.tgz"
  "version" "6.12.0"

"react-popper@^2.2.5":
  "integrity" "sha512-kxGkS80eQGtLl18+uig1UIf9MKixFSyPxglsgLBxlYnyDf65BiY9B3nZSc6C9XUNDgStROB0fMQlTEz1KxGddw=="
  "resolved" "https://registry.npmjs.org/react-popper/-/react-popper-2.2.5.tgz"
  "version" "2.2.5"
  dependencies:
    "react-fast-compare" "^3.0.1"
    "warning" "^4.0.2"

"react@^15.5.x || ^16.x || ^17.x", "react@^16.8.0 || ^17", "react@^16.9.0 || ^17", "react@^17.0.1", "react@17.0.2":
  "integrity" "sha512-gnhPt75i/dq/z3/6q/0asP78D0u592D5L1pd7M8P+dck6Fu/jJeL6iVVK23fptSUZj8Vjf++7wXA8UNclGQcbA=="
  "resolved" "https://registry.npmjs.org/react/-/react-17.0.2.tgz"
  "version" "17.0.2"
  dependencies:
    "loose-envify" "^1.1.0"
    "object-assign" "^4.1.1"

"scheduler@^0.20.2":
  "integrity" "sha512-2eWfGgAqqWFGqtdMmcL5zCMK1U8KlXv8SQFGglL3CEtd0aDVDWgeF/YoCmvln55m5zSk3J/20hTaSBeSObsQDQ=="
  "resolved" "https://registry.npmjs.org/scheduler/-/scheduler-0.20.2.tgz"
  "version" "0.20.2"
  dependencies:
    "loose-envify" "^1.1.0"
    "object-assign" "^4.1.1"

"warning@^4.0.2":
  "integrity" "sha512-rpJyN222KWIvHJ/F53XSZv0Zl/accqHR8et1kpaMTD/fLCRxtV8iX8czMzY7sVZupTI3zcUTg8eycS2kNF9l6w=="
  "resolved" "https://registry.npmjs.org/warning/-/warning-4.0.3.tgz"
  "version" "4.0.3"
  dependencies:
    "loose-envify" "^1.0.0"
